
Microsoft Visual Studio Solution File, Format Version 12.00
# Visual Studio Version 16
VisualStudioVersion = 16.0.29503.13
MinimumVisualStudioVersion = 10.0.40219.1
Project("{FAE04EC0-301F-11D3-BF4B-00C04F79EFBC}") = "TestPatterns", "TestPatterns\TestPatterns.csproj", "{956E9FE1-0DBA-4911-8421-3C39613A0E6F}"
EndProject
Project("{FAE04EC0-301F-11D3-BF4B-00C04F79EFBC}") = "GreatLibrary", "GreatLibrary\GreatLibrary.csproj", "{07ACDA6B-19B4-4CB4-AAE9-375E1A12CE9A}"
EndProject
Global
	GlobalSection(SolutionConfigurationPlatforms) = preSolution
		Debug|Any CPU = Debug|Any CPU
		Release|Any CPU = Release|Any CPU
	EndGlobalSection
	GlobalSection(ProjectConfigurationPlatforms) = postSolution
		{956E9FE1-0DBA-4911-8421-3C39613A0E6F}.Debug|Any CPU.ActiveCfg = Debug|Any CPU
		{956E9FE1-0DBA-4911-8421-3C39613A0E6F}.Debug|Any CPU.Build.0 = Debug|Any CPU
		{956E9FE1-0DBA-4911-8421-3C39613A0E6F}.Release|Any CPU.ActiveCfg = Release|Any CPU
		{956E9FE1-0DBA-4911-8421-3C39613A0E6F}.Release|Any CPU.Build.0 = Release|Any CPU
		{07ACDA6B-19B4-4CB4-AAE9-375E1A12CE9A}.Debug|Any CPU.ActiveCfg = Debug|Any CPU
		{07ACDA6B-19B4-4CB4-AAE9-375E1A12CE9A}.Debug|Any CPU.Build.0 = Debug|Any CPU
		{07ACDA6B-19B4-4CB4-AAE9-375E1A12CE9A}.Release|Any CPU.ActiveCfg = Release|Any CPU
		{07ACDA6B-19B4-4CB4-AAE9-375E1A12CE9A}.Release|Any CPU.Build.0 = Release|Any CPU
	EndGlobalSection
	GlobalSection(SolutionProperties) = preSolution
		HideSolutionNode = FALSE
	EndGlobalSection
	GlobalSection(ExtensibilityGlobals) = postSolution
		SolutionGuid = {B531253B-6D69-43D6-B3F0-9B39F0206A45}
	EndGlobalSection
EndGlobal
